// !$*UTF8*$!
{
	archiveVersion = 1;
	classes = {
	};
	objectVersion = 50;
	objects = {

/* Begin PBXBuildFile section */
		C621F2CE20E3C57D0028649D /* AppDelegate.swift in Sources */ = {isa = PBXBuildFile; fileRef = C621F2CD20E3C57D0028649D /* AppDelegate.swift */; };
		C621F2D020E3C57D0028649D /* ViewController.swift in Sources */ = {isa = PBXBuildFile; fileRef = C621F2CF20E3C57D0028649D /* ViewController.swift */; };
		C621F2D320E3C57D0028649D /* Main.storyboard in Resources */ = {isa = PBXBuildFile; fileRef = C621F2D120E3C57D0028649D /* Main.storyboard */; };
		C621F2D620E3C57D0028649D /* ExemploSourceTree.xcdatamodeld in Sources */ = {isa = PBXBuildFile; fileRef = C621F2D420E3C57D0028649D /* ExemploSourceTree.xcdatamodeld */; };
		C621F2D820E3C57F0028649D /* Assets.xcassets in Resources */ = {isa = PBXBuildFile; fileRef = C621F2D720E3C57F0028649D /* Assets.xcassets */; };
		C621F2DB20E3C57F0028649D /* LaunchScreen.storyboard in Resources */ = {isa = PBXBuildFile; fileRef = C621F2D920E3C57F0028649D /* LaunchScreen.storyboard */; };
/* End PBXBuildFile section */

/* Begin PBXFileReference section */
		C621F2CA20E3C57D0028649D /* ExemploSourceTree.app */ = {isa = PBXFileReference; explicitFileType = wrapper.application; includeInIndex = 0; path = ExemploSourceTree.app; sourceTree = BUILT_PRODUCTS_DIR; };
		C621F2CD20E3C57D0028649D /* AppDelegate.swift */ = {isa = PBXFileReference; lastKnownFileType = sourcecode.swift; path = AppDelegate.swift; sourceTree = "<group>"; };
		C621F2CF20E3C57D0028649D /* ViewController.swift */ = {isa = PBXFileReference; lastKnownFileType = sourcecode.swift; path = ViewController.swift; sourceTree = "<group>"; };
		C621F2D220E3C57D0028649D /* Base */ = {isa = PBXFileReference; lastKnownFileType = file.storyboard; name = Base; path = Base.lproj/Main.storyboard; sourceTree = "<group>"; };
		C621F2D520E3C57D0028649D /* ExemploSourceTree.xcdatamodel */ = {isa = PBXFileReference; lastKnownFileType = wrapper.xcdatamodel; path = ExemploSourceTree.xcdatamodel; sourceTree = "<group>"; };
		C621F2D720E3C57F0028649D /* Assets.xcassets */ = {isa = PBXFileReference; lastKnownFileType = folder.assetcatalog; path = Assets.xcassets; sourceTree = "<group>"; };
		C621F2DA20E3C57F0028649D /* Base */ = {isa = PBXFileReference; lastKnownFileType = file.storyboard; name = Base; path = Base.lproj/LaunchScreen.storyboard; sourceTree = "<group>"; };
		C621F2DC20E3C57F0028649D /* Info.plist */ = {isa = PBXFileReference; lastKnownFileType = text.plist.xml; path = Info.plist; sourceTree = "<group>"; };
/* End PBXFileReference section */

/* Begin PBXFrameworksBuildPhase section */
		C621F2C720E3C57D0028649D /* Frameworks */ = {
			isa = PBXFrameworksBuildPhase;
			buildActionMask = 2147483647;
			files = (
			);
			runOnlyForDeploymentPostprocessing = 0;
		};
/* End PBXFrameworksBuildPhase section */

/* Begin PBXGroup section */
		C621F2C120E3C57D0028649D = {
			isa = PBXGroup;
			children = (
				C621F2CC20E3C57D0028649D /* ExemploSourceTree */,
				C621F2CB20E3C57D0028649D /* Products */,
			);
			sourceTree = "<group>";
		};
		C621F2CB20E3C57D0028649D /* Products */ = {
			isa = PBXGroup;
			children = (
				C621F2CA20E3C57D0028649D /* ExemploSourceTree.app */,
			);
			name = Products;
			sourceTree = "<group>";
		};
		C621F2CC20E3C57D0028649D /* ExemploSourceTree */ = {
			isa = PBXGroup;
			children = (
				C621F2CD20E3C57D0028649D /* AppDelegate.swift */,
				C621F2CF20E3C57D0028649D /* ViewController.swift */,
				C621F2D120E3C57D0028649D /* Main.storyboard */,
				C621F2D720E3C57F0028649D /* Assets.xcassets */,
				C621F2D920E3C57F0028649D /* LaunchScreen.storyboard */,
				C621F2DC20E3C57F0028649D /* Info.plist */,
				C621F2D420E3C57D0028649D /* ExemploSourceTree.xcdatamodeld */,
			);
			path = ExemploSourceTree;
			sourceTree = "<group>";
		};
/* End PBXGroup section */

/* Begin PBXNativeTarget section */
		C621F2C920E3C57D0028649D /* ExemploSourceTree */ = {
			isa = PBXNativeTarget;
			buildConfigurationList = C621F2DF20E3C57F0028649D /* Build configuration list for PBXNativeTarget "ExemploSourceTree" */;
			buildPhases = (
				C621F2C620E3C57D0028649D /* Sources */,
				C621F2C720E3C57D0028649D /* Frameworks */,
				C621F2C820E3C57D0028649D /* Resources */,
			);
			buildRules = (
			);
			dependencies = (
			);
			name = ExemploSourceTree;
			productName = ExemploSourceTree;
			productReference = C621F2CA20E3C57D0028649D /* ExemploSourceTree.app */;
			productType = "com.apple.product-type.application";
		};
/* End PBXNativeTarget section */

/* Begin PBXProject section */
		C621F2C220E3C57D0028649D /* Project object */ = {
			isa = PBXProject;
			attributes = {
				LastSwiftUpdateCheck = 0940;
				LastUpgradeCheck = 0940;
				ORGANIZATIONNAME = "Camile Alves Ancines";
				TargetAttributes = {
					C621F2C920E3C57D0028649D = {
						CreatedOnToolsVersion = 9.4.1;
					};
				};
			};
			buildConfigurationList = C621F2C520E3C57D0028649D /* Build configuration list for PBXProject "ExemploSourceTree" */;
			compatibilityVersion = "Xcode 9.3";
			developmentRegion = en;
			hasScannedForEncodings = 0;
			knownRegions = (
				en,
				Base,
			);
			mainGroup = C621F2C120E3C57D0028649D;
			productRefGroup = C621F2CB20E3C57D0028649D /* Products */;
			projectDirPath = "";
			projectRoot = "";
			targets = (
				C621F2C920E3C57D0028649D /* ExemploSourceTree */,
			);
		};
/* End PBXProject section */

/* Begin PBXResourcesBuildPhase section */
		C621F2C820E3C57D0028649D /* Resources */ = {
			isa = PBXResourcesBuildPhase;
			buildActionMask = 2147483647;
			files = (
				C621F2DB20E3C57F0028649D /* LaunchScreen.storyboard in Resources */,
				C621F2D820E3C57F0028649D /* Assets.xcassets in Resources */,
				C621F2D320E3C57D0028649D /* Main.storyboard in Resources */,
			);
			runOnlyForDeploymentPostprocessing = 0;
		};
/* End PBXResourcesBuildPhase section */

/* Begin PBXSourcesBuildPhase section */
		C621F2C620E3C57D0028649D /* Sources */ = {
			isa = PBXSourcesBuildPhase;
			buildActionMask = 2147483647;
			files = (
				C621F2D020E3C57D0028649D /* ViewController.swift in Sources */,
				C621F2CE20E3C57D0028649D /* AppDelegate.swift in Sources */,
				C621F2D620E3C57D0028649D /* ExemploSourceTree.xcdatamodeld in Sources */,
			);
			runOnlyForDeploymentPostprocessing = 0;
		};
/* End PBXSourcesBuildPhase section */

/* Begin PBXVariantGroup section */
		C621F2D120E3C57D0028649D /* Main.storyboard */ = {
			isa = PBXVariantGroup;
			children = (
				C621F2D220E3C57D0028649D /* Base */,
			);
			name = Main.storyboard;
			sourceTree = "<group>";
		};
		C621F2D920E3C57F0028649D /* LaunchScreen.storyboard */ = {
			isa = PBXVariantGroup;
			children = (
				C621F2DA20E3C57F0028649D /* Base */,
			);
			name = LaunchScreen.storyboard;
			sourceTree = "<group>";
		};
/* End PBXVariantGroup section */

/* Begin XCBuildConfiguration section */
		C621F2DD20E3C57F0028649D /* Debug */ = {
			isa = XCBuildConfiguration;
			buildSettings = {
				ALWAYS_SEARCH_USER_PATHS = NO;
				CLANG_ANALYZER_NONNULL = YES;
				CLANG_ANALYZER_NUMBER_OBJECT_CONVERSION = YES_AGGRESSIVE;
				CLANG_CXX_LANGUAGE_STANDARD = "gnu++14";
				CLANG_CXX_LIBRARY = "libc++";
				CLANG_ENABLE_MODULES = YES;
				CLANG_ENABLE_OBJC_ARC = YES;
				CLANG_ENABLE_OBJC_WEAK = YES;
				CLANG_WARN_BLOCK_CAPTURE_AUTORELEASING = YES;
				CLANG_WARN_BOOL_CONVERSION = YES;
				CLANG_WARN_COMMA = YES;
				CLANG_WARN_CONSTANT_CONVERSION = YES;
				CLANG_WARN_DEPRECATED_OBJC_IMPLEMENTATIONS = YES;
				CLANG_WARN_DIRECT_OBJC_ISA_USAGE = YES_ERROR;
				CLANG_WARN_DOCUMENTATION_COMMENTS = YES;
				CLANG_WARN_EMPTY_BODY = YES;
				CLANG_WARN_ENUM_CONVERSION = YES;
				CLANG_WARN_INFINITE_RECURSION = YES;
				CLANG_WARN_INT_CONVERSION = YES;
				CLANG_WARN_NON_LITERAL_NULL_CONVERSION = YES;
				CLANG_WARN_OBJC_IMPLICIT_RETAIN_SELF = YES;
				CLANG_WARN_OBJC_LITERAL_CONVERSION = YES;
				CLANG_WARN_OBJC_ROOT_CLASS = YES_ERROR;
				CLANG_WARN_RANGE_LOOP_ANALYSIS = YES;
				CLANG_WARN_STRICT_PROTOTYPES = YES;
				CLANG_WARN_SUSPICIOUS_MOVE = YES;
				CLANG_WARN_UNGUARDED_AVAILABILITY = YES_AGGRESSIVE;
				CLANG_WARN_UNREACHABLE_CODE = YES;
				CLANG_WARN__DUPLICATE_METHOD_MATCH = YES;
				CODE_SIGN_IDENTITY = "iPhone Developer";
				COPY_PHASE_STRIP = NO;
				DEBUG_INFORMATION_FORMAT = dwarf;
				ENABLE_STRICT_OBJC_MSGSEND = YES;
				ENABLE_TESTABILITY = YES;
				GCC_C_LANGUAGE_STANDARD = gnu11;
				GCC_DYNAMIC_NO_PIC = NO;
				GCC_NO_COMMON_BLOCKS = YES;
				GCC_OPTIMIZATION_LEVEL = 0;
				GCC_PREPROCESSOR_DEFINITIONS = (
					"DEBUG=1",
					"$(inherited)",
				);
				GCC_WARN_64_TO_32_BIT_CONVERSION = YES;
				GCC_WARN_ABOUT_RETURN_TYPE = YES_ERROR;
				GCC_WARN_UNDECLARED_SELECTOR = YES;
				GCC_WARN_UNINITIALIZED_AUTOS = YES_AGGRESSIVE;
				GCC_WARN_UNUSED_FUNCTION = YES;
				GCC_WARN_UNUSED_VARIABLE = YES;
				IPHONEOS_DEPLOYMENT_TARGET = 11.4;
				MTL_ENABLE_DEBUG_INFO = YES;
				ONLY_ACTIVE_ARCH = YES;
				SDKROOT = iphoneos;
				SWIFT_ACTIVE_COMPILATION_CONDITIONS = DEBUG;
				SWIFT_OPTIMIZATION_LEVEL = "-Onone";
			};
			name = Debug;
		};
		C621F2DE20E3C57F0028649D /* Release */ = {
			isa = XCBuildConfiguration;
			buildSettings = {
				ALWAYS_SEARCH_USER_PATHS = NO;
				CLANG_ANALYZER_NONNULL = YES;
				CLANG_ANALYZER_NUMBER_OBJECT_CONVERSION = YES_AGGRESSIVE;
				CLANG_CXX_LANGUAGE_STANDARD = "gnu++14";
				CLANG_CXX_LIBRARY = "libc++";
				CLANG_ENABLE_MODULES = YES;
				CLANG_ENABLE_OBJC_ARC = YES;
				CLANG_ENABLE_OBJC_WEAK = YES;
				CLANG_WARN_BLOCK_CAPTURE_AUTORELEASING = YES;
				CLANG_WARN_BOOL_CONVERSION = YES;
				CLANG_WARN_COMMA = YES;
				CLANG_WARN_CONSTANT_CONVERSION = YES;
				CLANG_WARN_DEPRECATED_OBJC_IMPLEMENTATIONS = YES;
				CLANG_WARN_DIRECT_OBJC_ISA_USAGE = YES_ERROR;
				CLANG_WARN_DOCUMENTATION_COMMENTS = YES;
				CLANG_WARN_EMPTY_BODY = YES;
				CLANG_WARN_ENUM_CONVERSION = YES;
				CLANG_WARN_INFINITE_RECURSION = YES;
				CLANG_WARN_INT_CONVERSION = YES;
				CLANG_WARN_NON_LITERAL_NULL_CONVERSION = YES;
				CLANG_WARN_OBJC_IMPLICIT_RETAIN_SELF = YES;
				CLANG_WARN_OBJC_LITERAL_CONVERSION = YES;
				CLANG_WARN_OBJC_ROOT_CLASS = YES_ERROR;
				CLANG_WARN_RANGE_LOOP_ANALYSIS = YES;
				CLANG_WARN_STRICT_PROTOTYPES = YES;
				CLANG_WARN_SUSPICIOUS_MOVE = YES;
				CLANG_WARN_UNGUARDED_AVAILABILITY = YES_AGGRESSIVE;
				CLANG_WARN_UNREACHABLE_CODE = YES;
				CLANG_WARN__DUPLICATE_METHOD_MATCH = YES;
				CODE_SIGN_IDENTITY = "iPhone Developer";
				COPY_PHASE_STRIP = NO;
				DEBUG_INFORMATION_FORMAT = "dwarf-with-dsym";
				ENABLE_NS_ASSERTIONS = NO;
				ENABLE_STRICT_OBJC_MSGSEND = YES;
				GCC_C_LANGUAGE_STANDARD = gnu11;
				GCC_NO_COMMON_BLOCKS = YES;
				GCC_WARN_64_TO_32_BIT_CONVERSION = YES;
				GCC_WARN_ABOUT_RETURN_TYPE = YES_ERROR;
				GCC_WARN_UNDECLARED_SELECTOR = YES;
				GCC_WARN_UNINITIALIZED_AUTOS = YES_AGGRESSIVE;
				GCC_WARN_UNUSED_FUNCTION = YES;
				GCC_WARN_UNUSED_VARIABLE = YES;
				IPHONEOS_DEPLOYMENT_TARGET = 11.4;
				MTL_ENABLE_DEBUG_INFO = NO;
				SDKROOT = iphoneos;
				SWIFT_COMPILATION_MODE = wholemodule;
				SWIFT_OPTIMIZATION_LEVEL = "-O";
				VALIDATE_PRODUCT = YES;
			};
			name = Release;
		};
		C621F2E020E3C57F0028649D /* Debug */ = {
			isa = XCBuildConfiguration;
			buildSettings = {
				ASSETCATALOG_COMPILER_APPICON_NAME = AppIcon;
				CODE_SIGN_STYLE = Automatic;
				INFOPLIST_FILE = ExemploSourceTree/Info.plist;
				LD_RUNPATH_SEARCH_PATHS = (
					"$(inherited)",
					"@executable_path/Frameworks",
				);
				PRODUCT_BUNDLE_IDENTIFIER = camileancines.ExemploSourceTree;
				PRODUCT_NAME = "$(TARGET_NAME)";
				SWIFT_VERSION = 4.0;
				TARGETED_DEVICE_FAMILY = "1,2";
			};
			name = Debug;
		};
		C621F2E120E3C57F0028649D /* Release */ = {
			isa = XCBuildConfiguration;
			buildSettings = {
				ASSETCATALOG_COMPILER_APPICON_NAME = AppIcon;
				CODE_SIGN_STYLE = Automatic;
				INFOPLIST_FILE = ExemploSourceTree/Info.plist;
				LD_RUNPATH_SEARCH_PATHS = (
					"$(inherited)",
					"@executable_path/Frameworks",
				);
				PRODUCT_BUNDLE_IDENTIFIER = camileancines.ExemploSourceTree;
				PRODUCT_NAME = "$(TARGET_NAME)";
				SWIFT_VERSION = 4.0;
				TARGETED_DEVICE_FAMILY = "1,2";
			};
			name = Release;
		};
/* End XCBuildConfiguration section */

/* Begin XCConfigurationList section */
		C621F2C520E3C57D0028649D /* Build configuration list for PBXProject "ExemploSourceTree" */ = {
			isa = XCConfigurationList;
			buildConfigurations = (
				C621F2DD20E3C57F0028649D /* Debug */,
				C621F2DE20E3C57F0028649D /* Release */,
			);
			defaultConfigurationIsVisible = 0;
			defaultConfigurationName = Release;
		};
		C621F2DF20E3C57F0028649D /* Build configuration list for PBXNativeTarget "ExemploSourceTree" */ = {
			isa = XCConfigurationList;
			buildConfigurations = (
				C621F2E020E3C57F0028649D /* Debug */,
				C621F2E120E3C57F0028649D /* Release */,
			);
			defaultConfigurationIsVisible = 0;
			defaultConfigurationName = Release;
		};
/* End XCConfigurationList section */

/* Begin XCVersionGroup section */
		C621F2D420E3C57D0028649D /* ExemploSourceTree.xcdatamodeld */ = {
			isa = XCVersionGroup;
			children = (
				C621F2D520E3C57D0028649D /* ExemploSourceTree.xcdatamodel */,
			);
			currentVersion = C621F2D520E3C57D0028649D /* ExemploSourceTree.xcdatamodel */;
			path = ExemploSourceTree.xcdatamodeld;
			sourceTree = "<group>";
			versionGroupType = wrapper.xcdatamodel;
		};
/* End XCVersionGroup section */
	};
	rootObject = C621F2C220E3C57D0028649D /* Project object */;
}
